
Microsoft Visual Studio Solution File, Format Version 12.00
# Visual Studio 2013
VisualStudioVersion = 12.0.31101.0
MinimumVisualStudioVersion = 10.0.40219.1
Project("{FAE04EC0-301F-11D3-BF4B-00C04F79EFBC}") = "Meteor.DDP", "Meteor.DDP.csproj", "{4B8B23A9-9D97-473C-856C-7D53C3A3544E}"
EndProject
Project("{2150E333-8FDC-42A3-9474-1A3956D46DE8}") = ".nuget", ".nuget", "{5C2A9A62-00B5-4A6A-837C-627D4BED34C2}"
	ProjectSection(SolutionItems) = preProject
		.nuget\NuGet.Config = .nuget\NuGet.Config
		.nuget\NuGet.exe = .nuget\NuGet.exe
		.nuget\NuGet.targets = .nuget\NuGet.targets
	EndProjectSection
EndProject
Project("{FAE04EC0-301F-11D3-BF4B-00C04F79EFBC}") = "Meteor.DDP.Workbench", "..\Meteor.DDP.Workbench\Meteor.DDP.Workbench.csproj", "{9A0F342A-B630-446B-A25E-2DE7502F0711}"
EndProject
Global
	GlobalSection(SolutionConfigurationPlatforms) = preSolution
		Debug|Any CPU = Debug|Any CPU
		Release|Any CPU = Release|Any CPU
	EndGlobalSection
	GlobalSection(ProjectConfigurationPlatforms) = postSolution
		{4B8B23A9-9D97-473C-856C-7D53C3A3544E}.Debug|Any CPU.ActiveCfg = Debug|Any CPU
		{4B8B23A9-9D97-473C-856C-7D53C3A3544E}.Debug|Any CPU.Build.0 = Debug|Any CPU
		{4B8B23A9-9D97-473C-856C-7D53C3A3544E}.Release|Any CPU.ActiveCfg = Release|Any CPU
		{4B8B23A9-9D97-473C-856C-7D53C3A3544E}.Release|Any CPU.Build.0 = Release|Any CPU
		{9A0F342A-B630-446B-A25E-2DE7502F0711}.Debug|Any CPU.ActiveCfg = Debug|Any CPU
		{9A0F342A-B630-446B-A25E-2DE7502F0711}.Debug|Any CPU.Build.0 = Debug|Any CPU
		{9A0F342A-B630-446B-A25E-2DE7502F0711}.Release|Any CPU.ActiveCfg = Release|Any CPU
		{9A0F342A-B630-446B-A25E-2DE7502F0711}.Release|Any CPU.Build.0 = Release|Any CPU
	EndGlobalSection
	GlobalSection(SolutionProperties) = preSolution
		HideSolutionNode = FALSE
	EndGlobalSection
EndGlobal
